// !$*UTF8*$!
{
	archiveVersion = 1;
	classes = {
	};
	objectVersion = 50;
	objects = {

/* Begin PBXBuildFile section */
		18573886221167C30058EABD /* AppDelegate.m in Sources */ = {isa = PBXBuildFile; fileRef = 18573885221167C30058EABD /* AppDelegate.m */; };
		18573889221167C30058EABD /* ViewController.m in Sources */ = {isa = PBXBuildFile; fileRef = 18573888221167C30058EABD /* ViewController.m */; };
		1857388C221167C30058EABD /* Main.storyboard in Resources */ = {isa = PBXBuildFile; fileRef = 1857388A221167C30058EABD /* Main.storyboard */; };
		1857388E221167C30058EABD /* Assets.xcassets in Resources */ = {isa = PBXBuildFile; fileRef = 1857388D221167C30058EABD /* Assets.xcassets */; };
		18573891221167C30058EABD /* LaunchScreen.storyboard in Resources */ = {isa = PBXBuildFile; fileRef = 1857388F221167C30058EABD /* LaunchScreen.storyboard */; };
		18573894221167C30058EABD /* main.m in Sources */ = {isa = PBXBuildFile; fileRef = 18573893221167C30058EABD /* main.m */; };
		1857389C221168240058EABD /* TileView.m in Sources */ = {isa = PBXBuildFile; fileRef = 1857389B221168240058EABD /* TileView.m */; };
		1857389F221168660058EABD /* GameViewController.m in Sources */ = {isa = PBXBuildFile; fileRef = 1857389E221168660058EABD /* GameViewController.m */; };
		185738A5221185FD0058EABD /* tile.jpeg in Resources */ = {isa = PBXBuildFile; fileRef = 185738A4221185FD0058EABD /* tile.jpeg */; };
/* End PBXBuildFile section */

/* Begin PBXFileReference section */
		18573881221167C30058EABD /* 2048.app */ = {isa = PBXFileReference; explicitFileType = wrapper.application; includeInIndex = 0; path = 2048.app; sourceTree = BUILT_PRODUCTS_DIR; };
		18573884221167C30058EABD /* AppDelegate.h */ = {isa = PBXFileReference; lastKnownFileType = sourcecode.c.h; path = AppDelegate.h; sourceTree = "<group>"; };
		18573885221167C30058EABD /* AppDelegate.m */ = {isa = PBXFileReference; lastKnownFileType = sourcecode.c.objc; path = AppDelegate.m; sourceTree = "<group>"; };
		18573887221167C30058EABD /* ViewController.h */ = {isa = PBXFileReference; lastKnownFileType = sourcecode.c.h; path = ViewController.h; sourceTree = "<group>"; };
		18573888221167C30058EABD /* ViewController.m */ = {isa = PBXFileReference; lastKnownFileType = sourcecode.c.objc; path = ViewController.m; sourceTree = "<group>"; };
		1857388B221167C30058EABD /* Base */ = {isa = PBXFileReference; lastKnownFileType = file.storyboard; name = Base; path = Base.lproj/Main.storyboard; sourceTree = "<group>"; };
		1857388D221167C30058EABD /* Assets.xcassets */ = {isa = PBXFileReference; lastKnownFileType = folder.assetcatalog; path = Assets.xcassets; sourceTree = "<group>"; };
		18573890221167C30058EABD /* Base */ = {isa = PBXFileReference; lastKnownFileType = file.storyboard; name = Base; path = Base.lproj/LaunchScreen.storyboard; sourceTree = "<group>"; };
		18573892221167C30058EABD /* Info.plist */ = {isa = PBXFileReference; lastKnownFileType = text.plist.xml; path = Info.plist; sourceTree = "<group>"; };
		18573893221167C30058EABD /* main.m */ = {isa = PBXFileReference; lastKnownFileType = sourcecode.c.objc; path = main.m; sourceTree = "<group>"; };
		1857389A221168240058EABD /* TileView.h */ = {isa = PBXFileReference; lastKnownFileType = sourcecode.c.h; path = TileView.h; sourceTree = "<group>"; };
		1857389B221168240058EABD /* TileView.m */ = {isa = PBXFileReference; lastKnownFileType = sourcecode.c.objc; path = TileView.m; sourceTree = "<group>"; };
		1857389D221168660058EABD /* GameViewController.h */ = {isa = PBXFileReference; lastKnownFileType = sourcecode.c.h; path = GameViewController.h; sourceTree = "<group>"; };
		1857389E221168660058EABD /* GameViewController.m */ = {isa = PBXFileReference; lastKnownFileType = sourcecode.c.objc; path = GameViewController.m; sourceTree = "<group>"; };
		185738A4221185FD0058EABD /* tile.jpeg */ = {isa = PBXFileReference; lastKnownFileType = image.jpeg; name = tile.jpeg; path = ../../../tile.jpeg; sourceTree = "<group>"; };
/* End PBXFileReference section */

/* Begin PBXFrameworksBuildPhase section */
		1857387E221167C30058EABD /* Frameworks */ = {
			isa = PBXFrameworksBuildPhase;
			buildActionMask = 2147483647;
			files = (
			);
			runOnlyForDeploymentPostprocessing = 0;
		};
/* End PBXFrameworksBuildPhase section */

/* Begin PBXGroup section */
		18573878221167C30058EABD = {
			isa = PBXGroup;
			children = (
				18573883221167C30058EABD /* 2048 */,
				18573882221167C30058EABD /* Products */,
			);
			sourceTree = "<group>";
		};
		18573882221167C30058EABD /* Products */ = {
			isa = PBXGroup;
			children = (
				18573881221167C30058EABD /* 2048.app */,
			);
			name = Products;
			sourceTree = "<group>";
		};
		18573883221167C30058EABD /* 2048 */ = {
			isa = PBXGroup;
			children = (
				18573884221167C30058EABD /* AppDelegate.h */,
				18573885221167C30058EABD /* AppDelegate.m */,
				18573887221167C30058EABD /* ViewController.h */,
				18573888221167C30058EABD /* ViewController.m */,
				1857388A221167C30058EABD /* Main.storyboard */,
				1857388D221167C30058EABD /* Assets.xcassets */,
				1857388F221167C30058EABD /* LaunchScreen.storyboard */,
				18573892221167C30058EABD /* Info.plist */,
				18573893221167C30058EABD /* main.m */,
				1857389A221168240058EABD /* TileView.h */,
				185738A4221185FD0058EABD /* tile.jpeg */,
				1857389B221168240058EABD /* TileView.m */,
				1857389D221168660058EABD /* GameViewController.h */,
				1857389E221168660058EABD /* GameViewController.m */,
			);
			path = 2048;
			sourceTree = "<group>";
		};
/* End PBXGroup section */

/* Begin PBXNativeTarget section */
		18573880221167C30058EABD /* 2048 */ = {
			isa = PBXNativeTarget;
			buildConfigurationList = 18573897221167C30058EABD /* Build configuration list for PBXNativeTarget "2048" */;
			buildPhases = (
				1857387D221167C30058EABD /* Sources */,
				1857387E221167C30058EABD /* Frameworks */,
				1857387F221167C30058EABD /* Resources */,
			);
			buildRules = (
			);
			dependencies = (
			);
			name = 2048;
			productName = 2048;
			productReference = 18573881221167C30058EABD /* 2048.app */;
			productType = "com.apple.product-type.application";
		};
/* End PBXNativeTarget section */

/* Begin PBXProject section */
		18573879221167C30058EABD /* Project object */ = {
			isa = PBXProject;
			attributes = {
				LastUpgradeCheck = 0940;
				ORGANIZATIONNAME = "Ibrahim Gokce";
				TargetAttributes = {
					18573880221167C30058EABD = {
						CreatedOnToolsVersion = 9.4.1;
					};
				};
			};
			buildConfigurationList = 1857387C221167C30058EABD /* Build configuration list for PBXProject "2048" */;
			compatibilityVersion = "Xcode 9.3";
			developmentRegion = en;
			hasScannedForEncodings = 0;
			knownRegions = (
				en,
				Base,
			);
			mainGroup = 18573878221167C30058EABD;
			productRefGroup = 18573882221167C30058EABD /* Products */;
			projectDirPath = "";
			projectRoot = "";
			targets = (
				18573880221167C30058EABD /* 2048 */,
			);
		};
/* End PBXProject section */

/* Begin PBXResourcesBuildPhase section */
		1857387F221167C30058EABD /* Resources */ = {
			isa = PBXResourcesBuildPhase;
			buildActionMask = 2147483647;
			files = (
				18573891221167C30058EABD /* LaunchScreen.storyboard in Resources */,
				1857388E221167C30058EABD /* Assets.xcassets in Resources */,
				1857388C221167C30058EABD /* Main.storyboard in Resources */,
				185738A5221185FD0058EABD /* tile.jpeg in Resources */,
			);
			runOnlyForDeploymentPostprocessing = 0;
		};
/* End PBXResourcesBuildPhase section */

/* Begin PBXSourcesBuildPhase section */
		1857387D221167C30058EABD /* Sources */ = {
			isa = PBXSourcesBuildPhase;
			buildActionMask = 2147483647;
			files = (
				1857389F221168660058EABD /* GameViewController.m in Sources */,
				18573889221167C30058EABD /* ViewController.m in Sources */,
				18573894221167C30058EABD /* main.m in Sources */,
				1857389C221168240058EABD /* TileView.m in Sources */,
				18573886221167C30058EABD /* AppDelegate.m in Sources */,
			);
			runOnlyForDeploymentPostprocessing = 0;
		};
/* End PBXSourcesBuildPhase section */

/* Begin PBXVariantGroup section */
		1857388A221167C30058EABD /* Main.storyboard */ = {
			isa = PBXVariantGroup;
			children = (
				1857388B221167C30058EABD /* Base */,
			);
			name = Main.storyboard;
			sourceTree = "<group>";
		};
		1857388F221167C30058EABD /* LaunchScreen.storyboard */ = {
			isa = PBXVariantGroup;
			children = (
				18573890221167C30058EABD /* Base */,
			);
			name = LaunchScreen.storyboard;
			sourceTree = "<group>";
		};
/* End PBXVariantGroup section */

/* Begin XCBuildConfiguration section */
		18573895221167C30058EABD /* Debug */ = {
			isa = XCBuildConfiguration;
			buildSettings = {
				ALWAYS_SEARCH_USER_PATHS = NO;
				CLANG_ANALYZER_NONNULL = YES;
				CLANG_ANALYZER_NUMBER_OBJECT_CONVERSION = YES_AGGRESSIVE;
				CLANG_CXX_LANGUAGE_STANDARD = "gnu++14";
				CLANG_CXX_LIBRARY = "libc++";
				CLANG_ENABLE_MODULES = YES;
				CLANG_ENABLE_OBJC_ARC = YES;
				CLANG_ENABLE_OBJC_WEAK = YES;
				CLANG_WARN_BLOCK_CAPTURE_AUTORELEASING = YES;
				CLANG_WARN_BOOL_CONVERSION = YES;
				CLANG_WARN_COMMA = YES;
				CLANG_WARN_CONSTANT_CONVERSION = YES;
				CLANG_WARN_DEPRECATED_OBJC_IMPLEMENTATIONS = YES;
				CLANG_WARN_DIRECT_OBJC_ISA_USAGE = YES_ERROR;
				CLANG_WARN_DOCUMENTATION_COMMENTS = YES;
				CLANG_WARN_EMPTY_BODY = YES;
				CLANG_WARN_ENUM_CONVERSION = YES;
				CLANG_WARN_INFINITE_RECURSION = YES;
				CLANG_WARN_INT_CONVERSION = YES;
				CLANG_WARN_NON_LITERAL_NULL_CONVERSION = YES;
				CLANG_WARN_OBJC_IMPLICIT_RETAIN_SELF = YES;
				CLANG_WARN_OBJC_LITERAL_CONVERSION = YES;
				CLANG_WARN_OBJC_ROOT_CLASS = YES_ERROR;
				CLANG_WARN_RANGE_LOOP_ANALYSIS = YES;
				CLANG_WARN_STRICT_PROTOTYPES = YES;
				CLANG_WARN_SUSPICIOUS_MOVE = YES;
				CLANG_WARN_UNGUARDED_AVAILABILITY = YES_AGGRESSIVE;
				CLANG_WARN_UNREACHABLE_CODE = YES;
				CLANG_WARN__DUPLICATE_METHOD_MATCH = YES;
				CODE_SIGN_IDENTITY = "iPhone Developer";
				COPY_PHASE_STRIP = NO;
				DEBUG_INFORMATION_FORMAT = dwarf;
				ENABLE_STRICT_OBJC_MSGSEND = YES;
				ENABLE_TESTABILITY = YES;
				GCC_C_LANGUAGE_STANDARD = gnu11;
				GCC_DYNAMIC_NO_PIC = NO;
				GCC_NO_COMMON_BLOCKS = YES;
				GCC_OPTIMIZATION_LEVEL = 0;
				GCC_PREPROCESSOR_DEFINITIONS = (
					"DEBUG=1",
					"$(inherited)",
				);
				GCC_WARN_64_TO_32_BIT_CONVERSION = YES;
				GCC_WARN_ABOUT_RETURN_TYPE = YES_ERROR;
				GCC_WARN_UNDECLARED_SELECTOR = YES;
				GCC_WARN_UNINITIALIZED_AUTOS = YES_AGGRESSIVE;
				GCC_WARN_UNUSED_FUNCTION = YES;
				GCC_WARN_UNUSED_VARIABLE = YES;
				IPHONEOS_DEPLOYMENT_TARGET = 11.4;
				MTL_ENABLE_DEBUG_INFO = YES;
				ONLY_ACTIVE_ARCH = YES;
				SDKROOT = iphoneos;
			};
			name = Debug;
		};
		18573896221167C30058EABD /* Release */ = {
			isa = XCBuildConfiguration;
			buildSettings = {
				ALWAYS_SEARCH_USER_PATHS = NO;
				CLANG_ANALYZER_NONNULL = YES;
				CLANG_ANALYZER_NUMBER_OBJECT_CONVERSION = YES_AGGRESSIVE;
				CLANG_CXX_LANGUAGE_STANDARD = "gnu++14";
				CLANG_CXX_LIBRARY = "libc++";
				CLANG_ENABLE_MODULES = YES;
				CLANG_ENABLE_OBJC_ARC = YES;
				CLANG_ENABLE_OBJC_WEAK = YES;
				CLANG_WARN_BLOCK_CAPTURE_AUTORELEASING = YES;
				CLANG_WARN_BOOL_CONVERSION = YES;
				CLANG_WARN_COMMA = YES;
				CLANG_WARN_CONSTANT_CONVERSION = YES;
				CLANG_WARN_DEPRECATED_OBJC_IMPLEMENTATIONS = YES;
				CLANG_WARN_DIRECT_OBJC_ISA_USAGE = YES_ERROR;
				CLANG_WARN_DOCUMENTATION_COMMENTS = YES;
				CLANG_WARN_EMPTY_BODY = YES;
				CLANG_WARN_ENUM_CONVERSION = YES;
				CLANG_WARN_INFINITE_RECURSION = YES;
				CLANG_WARN_INT_CONVERSION = YES;
				CLANG_WARN_NON_LITERAL_NULL_CONVERSION = YES;
				CLANG_WARN_OBJC_IMPLICIT_RETAIN_SELF = YES;
				CLANG_WARN_OBJC_LITERAL_CONVERSION = YES;
				CLANG_WARN_OBJC_ROOT_CLASS = YES_ERROR;
				CLANG_WARN_RANGE_LOOP_ANALYSIS = YES;
				CLANG_WARN_STRICT_PROTOTYPES = YES;
				CLANG_WARN_SUSPICIOUS_MOVE = YES;
				CLANG_WARN_UNGUARDED_AVAILABILITY = YES_AGGRESSIVE;
				CLANG_WARN_UNREACHABLE_CODE = YES;
				CLANG_WARN__DUPLICATE_METHOD_MATCH = YES;
				CODE_SIGN_IDENTITY = "iPhone Developer";
				COPY_PHASE_STRIP = NO;
				DEBUG_INFORMATION_FORMAT = "dwarf-with-dsym";
				ENABLE_NS_ASSERTIONS = NO;
				ENABLE_STRICT_OBJC_MSGSEND = YES;
				GCC_C_LANGUAGE_STANDARD = gnu11;
				GCC_NO_COMMON_BLOCKS = YES;
				GCC_WARN_64_TO_32_BIT_CONVERSION = YES;
				GCC_WARN_ABOUT_RETURN_TYPE = YES_ERROR;
				GCC_WARN_UNDECLARED_SELECTOR = YES;
				GCC_WARN_UNINITIALIZED_AUTOS = YES_AGGRESSIVE;
				GCC_WARN_UNUSED_FUNCTION = YES;
				GCC_WARN_UNUSED_VARIABLE = YES;
				IPHONEOS_DEPLOYMENT_TARGET = 11.4;
				MTL_ENABLE_DEBUG_INFO = NO;
				SDKROOT = iphoneos;
				VALIDATE_PRODUCT = YES;
			};
			name = Release;
		};
		18573898221167C30058EABD /* Debug */ = {
			isa = XCBuildConfiguration;
			buildSettings = {
				ASSETCATALOG_COMPILER_APPICON_NAME = AppIcon;
				CODE_SIGN_STYLE = Automatic;
				INFOPLIST_FILE = 2048/Info.plist;
				LD_RUNPATH_SEARCH_PATHS = (
					"$(inherited)",
					"@executable_path/Frameworks",
				);
				PRODUCT_BUNDLE_IDENTIFIER = "Gokce.-048";
				PRODUCT_NAME = "$(TARGET_NAME)";
				TARGETED_DEVICE_FAMILY = "1,2";
			};
			name = Debug;
		};
		18573899221167C30058EABD /* Release */ = {
			isa = XCBuildConfiguration;
			buildSettings = {
				ASSETCATALOG_COMPILER_APPICON_NAME = AppIcon;
				CODE_SIGN_STYLE = Automatic;
				INFOPLIST_FILE = 2048/Info.plist;
				LD_RUNPATH_SEARCH_PATHS = (
					"$(inherited)",
					"@executable_path/Frameworks",
				);
				PRODUCT_BUNDLE_IDENTIFIER = "Gokce.-048";
				PRODUCT_NAME = "$(TARGET_NAME)";
				TARGETED_DEVICE_FAMILY = "1,2";
			};
			name = Release;
		};
/* End XCBuildConfiguration section */

/* Begin XCConfigurationList section */
		1857387C221167C30058EABD /* Build configuration list for PBXProject "2048" */ = {
			isa = XCConfigurationList;
			buildConfigurations = (
				18573895221167C30058EABD /* Debug */,
				18573896221167C30058EABD /* Release */,
			);
			defaultConfigurationIsVisible = 0;
			defaultConfigurationName = Release;
		};
		18573897221167C30058EABD /* Build configuration list for PBXNativeTarget "2048" */ = {
			isa = XCConfigurationList;
			buildConfigurations = (
				18573898221167C30058EABD /* Debug */,
				18573899221167C30058EABD /* Release */,
			);
			defaultConfigurationIsVisible = 0;
			defaultConfigurationName = Release;
		};
/* End XCConfigurationList section */
	};
	rootObject = 18573879221167C30058EABD /* Project object */;
}
