// !$*UTF8*$!
{
	archiveVersion = 1;
	classes = {
	};
	objectVersion = 50;
	objects = {

/* Begin PBXBuildFile section */
		184E994F228A204D006C8753 /* AppDelegate.swift in Sources */ = {isa = PBXBuildFile; fileRef = 184E994E228A204D006C8753 /* AppDelegate.swift */; };
		184E9951228A204E006C8753 /* ViewController.swift in Sources */ = {isa = PBXBuildFile; fileRef = 184E9950228A204D006C8753 /* ViewController.swift */; };
		184E9954228A204E006C8753 /* Main.storyboard in Resources */ = {isa = PBXBuildFile; fileRef = 184E9952228A204E006C8753 /* Main.storyboard */; };
		184E9957228A204E006C8753 /* FacebookAPI.xcdatamodeld in Sources */ = {isa = PBXBuildFile; fileRef = 184E9955228A204E006C8753 /* FacebookAPI.xcdatamodeld */; };
		184E9959228A204E006C8753 /* Assets.xcassets in Resources */ = {isa = PBXBuildFile; fileRef = 184E9958228A204E006C8753 /* Assets.xcassets */; };
		184E995C228A204E006C8753 /* LaunchScreen.storyboard in Resources */ = {isa = PBXBuildFile; fileRef = 184E995A228A204E006C8753 /* LaunchScreen.storyboard */; };
		A499E0D1979BED68A7085CD0 /* Pods_FacebookAPI.framework in Frameworks */ = {isa = PBXBuildFile; fileRef = 932137321D80E6F1D9E5EA75 /* Pods_FacebookAPI.framework */; };
/* End PBXBuildFile section */

/* Begin PBXFileReference section */
		184E994B228A204D006C8753 /* FacebookAPI.app */ = {isa = PBXFileReference; explicitFileType = wrapper.application; includeInIndex = 0; path = FacebookAPI.app; sourceTree = BUILT_PRODUCTS_DIR; };
		184E994E228A204D006C8753 /* AppDelegate.swift */ = {isa = PBXFileReference; lastKnownFileType = sourcecode.swift; path = AppDelegate.swift; sourceTree = "<group>"; };
		184E9950228A204D006C8753 /* ViewController.swift */ = {isa = PBXFileReference; lastKnownFileType = sourcecode.swift; path = ViewController.swift; sourceTree = "<group>"; };
		184E9953228A204E006C8753 /* Base */ = {isa = PBXFileReference; lastKnownFileType = file.storyboard; name = Base; path = Base.lproj/Main.storyboard; sourceTree = "<group>"; };
		184E9956228A204E006C8753 /* FacebookAPI.xcdatamodel */ = {isa = PBXFileReference; lastKnownFileType = wrapper.xcdatamodel; path = FacebookAPI.xcdatamodel; sourceTree = "<group>"; };
		184E9958228A204E006C8753 /* Assets.xcassets */ = {isa = PBXFileReference; lastKnownFileType = folder.assetcatalog; path = Assets.xcassets; sourceTree = "<group>"; };
		184E995B228A204E006C8753 /* Base */ = {isa = PBXFileReference; lastKnownFileType = file.storyboard; name = Base; path = Base.lproj/LaunchScreen.storyboard; sourceTree = "<group>"; };
		184E995D228A204E006C8753 /* Info.plist */ = {isa = PBXFileReference; lastKnownFileType = text.plist.xml; path = Info.plist; sourceTree = "<group>"; };
		40AFBE04612447E2E3DABEA9 /* Pods-FacebookAPI.release.xcconfig */ = {isa = PBXFileReference; includeInIndex = 1; lastKnownFileType = text.xcconfig; name = "Pods-FacebookAPI.release.xcconfig"; path = "Target Support Files/Pods-FacebookAPI/Pods-FacebookAPI.release.xcconfig"; sourceTree = "<group>"; };
		44D3202EB79516D7B5D3BBA9 /* Pods-FacebookAPI.debug.xcconfig */ = {isa = PBXFileReference; includeInIndex = 1; lastKnownFileType = text.xcconfig; name = "Pods-FacebookAPI.debug.xcconfig"; path = "Target Support Files/Pods-FacebookAPI/Pods-FacebookAPI.debug.xcconfig"; sourceTree = "<group>"; };
		932137321D80E6F1D9E5EA75 /* Pods_FacebookAPI.framework */ = {isa = PBXFileReference; explicitFileType = wrapper.framework; includeInIndex = 0; path = Pods_FacebookAPI.framework; sourceTree = BUILT_PRODUCTS_DIR; };
/* End PBXFileReference section */

/* Begin PBXFrameworksBuildPhase section */
		184E9948228A204D006C8753 /* Frameworks */ = {
			isa = PBXFrameworksBuildPhase;
			buildActionMask = 2147483647;
			files = (
				A499E0D1979BED68A7085CD0 /* Pods_FacebookAPI.framework in Frameworks */,
			);
			runOnlyForDeploymentPostprocessing = 0;
		};
/* End PBXFrameworksBuildPhase section */

/* Begin PBXGroup section */
		184E9942228A204D006C8753 = {
			isa = PBXGroup;
			children = (
				184E994D228A204D006C8753 /* FacebookAPI */,
				184E994C228A204D006C8753 /* Products */,
				3315D5648BF359759F387EB4 /* Pods */,
				E85CB1D353BB7692C6DC4205 /* Frameworks */,
			);
			sourceTree = "<group>";
		};
		184E994C228A204D006C8753 /* Products */ = {
			isa = PBXGroup;
			children = (
				184E994B228A204D006C8753 /* FacebookAPI.app */,
			);
			name = Products;
			sourceTree = "<group>";
		};
		184E994D228A204D006C8753 /* FacebookAPI */ = {
			isa = PBXGroup;
			children = (
				184E994E228A204D006C8753 /* AppDelegate.swift */,
				184E9950228A204D006C8753 /* ViewController.swift */,
				184E9952228A204E006C8753 /* Main.storyboard */,
				184E9958228A204E006C8753 /* Assets.xcassets */,
				184E995A228A204E006C8753 /* LaunchScreen.storyboard */,
				184E995D228A204E006C8753 /* Info.plist */,
				184E9955228A204E006C8753 /* FacebookAPI.xcdatamodeld */,
			);
			path = FacebookAPI;
			sourceTree = "<group>";
		};
		3315D5648BF359759F387EB4 /* Pods */ = {
			isa = PBXGroup;
			children = (
				44D3202EB79516D7B5D3BBA9 /* Pods-FacebookAPI.debug.xcconfig */,
				40AFBE04612447E2E3DABEA9 /* Pods-FacebookAPI.release.xcconfig */,
			);
			name = Pods;
			path = Pods;
			sourceTree = "<group>";
		};
		E85CB1D353BB7692C6DC4205 /* Frameworks */ = {
			isa = PBXGroup;
			children = (
				932137321D80E6F1D9E5EA75 /* Pods_FacebookAPI.framework */,
			);
			name = Frameworks;
			sourceTree = "<group>";
		};
/* End PBXGroup section */

/* Begin PBXNativeTarget section */
		184E994A228A204D006C8753 /* FacebookAPI */ = {
			isa = PBXNativeTarget;
			buildConfigurationList = 184E9960228A204E006C8753 /* Build configuration list for PBXNativeTarget "FacebookAPI" */;
			buildPhases = (
				A7E640D6C86066BEEDBE420D /* [CP] Check Pods Manifest.lock */,
				184E9947228A204D006C8753 /* Sources */,
				184E9948228A204D006C8753 /* Frameworks */,
				184E9949228A204D006C8753 /* Resources */,
				A30593F60CDAA90D9DB8AF17 /* [CP] Embed Pods Frameworks */,
			);
			buildRules = (
			);
			dependencies = (
			);
			name = FacebookAPI;
			productName = FacebookAPI;
			productReference = 184E994B228A204D006C8753 /* FacebookAPI.app */;
			productType = "com.apple.product-type.application";
		};
/* End PBXNativeTarget section */

/* Begin PBXProject section */
		184E9943228A204D006C8753 /* Project object */ = {
			isa = PBXProject;
			attributes = {
				LastSwiftUpdateCheck = 1020;
				LastUpgradeCheck = 1020;
				ORGANIZATIONNAME = "Ibrahim Goktug Gokce";
				TargetAttributes = {
					184E994A228A204D006C8753 = {
						CreatedOnToolsVersion = 10.2;
					};
				};
			};
			buildConfigurationList = 184E9946228A204D006C8753 /* Build configuration list for PBXProject "FacebookAPI" */;
			compatibilityVersion = "Xcode 9.3";
			developmentRegion = en;
			hasScannedForEncodings = 0;
			knownRegions = (
				en,
				Base,
			);
			mainGroup = 184E9942228A204D006C8753;
			productRefGroup = 184E994C228A204D006C8753 /* Products */;
			projectDirPath = "";
			projectRoot = "";
			targets = (
				184E994A228A204D006C8753 /* FacebookAPI */,
			);
		};
/* End PBXProject section */

/* Begin PBXResourcesBuildPhase section */
		184E9949228A204D006C8753 /* Resources */ = {
			isa = PBXResourcesBuildPhase;
			buildActionMask = 2147483647;
			files = (
				184E995C228A204E006C8753 /* LaunchScreen.storyboard in Resources */,
				184E9959228A204E006C8753 /* Assets.xcassets in Resources */,
				184E9954228A204E006C8753 /* Main.storyboard in Resources */,
			);
			runOnlyForDeploymentPostprocessing = 0;
		};
/* End PBXResourcesBuildPhase section */

/* Begin PBXShellScriptBuildPhase section */
		A30593F60CDAA90D9DB8AF17 /* [CP] Embed Pods Frameworks */ = {
			isa = PBXShellScriptBuildPhase;
			buildActionMask = 2147483647;
			files = (
			);
			inputFileListPaths = (
			);
			inputPaths = (
				"${PODS_ROOT}/Target Support Files/Pods-FacebookAPI/Pods-FacebookAPI-frameworks.sh",
				"${BUILT_PRODUCTS_DIR}/FBSDKCoreKit/FBSDKCoreKit.framework",
				"${BUILT_PRODUCTS_DIR}/FBSDKLoginKit/FBSDKLoginKit.framework",
				"${BUILT_PRODUCTS_DIR}/FBSDKShareKit/FBSDKShareKit.framework",
			);
			name = "[CP] Embed Pods Frameworks";
			outputFileListPaths = (
			);
			outputPaths = (
				"${TARGET_BUILD_DIR}/${FRAMEWORKS_FOLDER_PATH}/FBSDKCoreKit.framework",
				"${TARGET_BUILD_DIR}/${FRAMEWORKS_FOLDER_PATH}/FBSDKLoginKit.framework",
				"${TARGET_BUILD_DIR}/${FRAMEWORKS_FOLDER_PATH}/FBSDKShareKit.framework",
			);
			runOnlyForDeploymentPostprocessing = 0;
			shellPath = /bin/sh;
			shellScript = "\"${PODS_ROOT}/Target Support Files/Pods-FacebookAPI/Pods-FacebookAPI-frameworks.sh\"\n";
			showEnvVarsInLog = 0;
		};
		A7E640D6C86066BEEDBE420D /* [CP] Check Pods Manifest.lock */ = {
			isa = PBXShellScriptBuildPhase;
			buildActionMask = 2147483647;
			files = (
			);
			inputFileListPaths = (
			);
			inputPaths = (
				"${PODS_PODFILE_DIR_PATH}/Podfile.lock",
				"${PODS_ROOT}/Manifest.lock",
			);
			name = "[CP] Check Pods Manifest.lock";
			outputFileListPaths = (
			);
			outputPaths = (
				"$(DERIVED_FILE_DIR)/Pods-FacebookAPI-checkManifestLockResult.txt",
			);
			runOnlyForDeploymentPostprocessing = 0;
			shellPath = /bin/sh;
			shellScript = "diff \"${PODS_PODFILE_DIR_PATH}/Podfile.lock\" \"${PODS_ROOT}/Manifest.lock\" > /dev/null\nif [ $? != 0 ] ; then\n    # print error to STDERR\n    echo \"error: The sandbox is not in sync with the Podfile.lock. Run 'pod install' or update your CocoaPods installation.\" >&2\n    exit 1\nfi\n# This output is used by Xcode 'outputs' to avoid re-running this script phase.\necho \"SUCCESS\" > \"${SCRIPT_OUTPUT_FILE_0}\"\n";
			showEnvVarsInLog = 0;
		};
/* End PBXShellScriptBuildPhase section */

/* Begin PBXSourcesBuildPhase section */
		184E9947228A204D006C8753 /* Sources */ = {
			isa = PBXSourcesBuildPhase;
			buildActionMask = 2147483647;
			files = (
				184E9951228A204E006C8753 /* ViewController.swift in Sources */,
				184E994F228A204D006C8753 /* AppDelegate.swift in Sources */,
				184E9957228A204E006C8753 /* FacebookAPI.xcdatamodeld in Sources */,
			);
			runOnlyForDeploymentPostprocessing = 0;
		};
/* End PBXSourcesBuildPhase section */

/* Begin PBXVariantGroup section */
		184E9952228A204E006C8753 /* Main.storyboard */ = {
			isa = PBXVariantGroup;
			children = (
				184E9953228A204E006C8753 /* Base */,
			);
			name = Main.storyboard;
			sourceTree = "<group>";
		};
		184E995A228A204E006C8753 /* LaunchScreen.storyboard */ = {
			isa = PBXVariantGroup;
			children = (
				184E995B228A204E006C8753 /* Base */,
			);
			name = LaunchScreen.storyboard;
			sourceTree = "<group>";
		};
/* End PBXVariantGroup section */

/* Begin XCBuildConfiguration section */
		184E995E228A204E006C8753 /* Debug */ = {
			isa = XCBuildConfiguration;
			buildSettings = {
				ALWAYS_SEARCH_USER_PATHS = NO;
				CLANG_ANALYZER_NONNULL = YES;
				CLANG_ANALYZER_NUMBER_OBJECT_CONVERSION = YES_AGGRESSIVE;
				CLANG_CXX_LANGUAGE_STANDARD = "gnu++14";
				CLANG_CXX_LIBRARY = "libc++";
				CLANG_ENABLE_MODULES = YES;
				CLANG_ENABLE_OBJC_ARC = YES;
				CLANG_ENABLE_OBJC_WEAK = YES;
				CLANG_WARN_BLOCK_CAPTURE_AUTORELEASING = YES;
				CLANG_WARN_BOOL_CONVERSION = YES;
				CLANG_WARN_COMMA = YES;
				CLANG_WARN_CONSTANT_CONVERSION = YES;
				CLANG_WARN_DEPRECATED_OBJC_IMPLEMENTATIONS = YES;
				CLANG_WARN_DIRECT_OBJC_ISA_USAGE = YES_ERROR;
				CLANG_WARN_DOCUMENTATION_COMMENTS = YES;
				CLANG_WARN_EMPTY_BODY = YES;
				CLANG_WARN_ENUM_CONVERSION = YES;
				CLANG_WARN_INFINITE_RECURSION = YES;
				CLANG_WARN_INT_CONVERSION = YES;
				CLANG_WARN_NON_LITERAL_NULL_CONVERSION = YES;
				CLANG_WARN_OBJC_IMPLICIT_RETAIN_SELF = YES;
				CLANG_WARN_OBJC_LITERAL_CONVERSION = YES;
				CLANG_WARN_OBJC_ROOT_CLASS = YES_ERROR;
				CLANG_WARN_RANGE_LOOP_ANALYSIS = YES;
				CLANG_WARN_STRICT_PROTOTYPES = YES;
				CLANG_WARN_SUSPICIOUS_MOVE = YES;
				CLANG_WARN_UNGUARDED_AVAILABILITY = YES_AGGRESSIVE;
				CLANG_WARN_UNREACHABLE_CODE = YES;
				CLANG_WARN__DUPLICATE_METHOD_MATCH = YES;
				CODE_SIGN_IDENTITY = "iPhone Developer";
				COPY_PHASE_STRIP = NO;
				DEBUG_INFORMATION_FORMAT = dwarf;
				ENABLE_STRICT_OBJC_MSGSEND = YES;
				ENABLE_TESTABILITY = YES;
				GCC_C_LANGUAGE_STANDARD = gnu11;
				GCC_DYNAMIC_NO_PIC = NO;
				GCC_NO_COMMON_BLOCKS = YES;
				GCC_OPTIMIZATION_LEVEL = 0;
				GCC_PREPROCESSOR_DEFINITIONS = (
					"DEBUG=1",
					"$(inherited)",
				);
				GCC_WARN_64_TO_32_BIT_CONVERSION = YES;
				GCC_WARN_ABOUT_RETURN_TYPE = YES_ERROR;
				GCC_WARN_UNDECLARED_SELECTOR = YES;
				GCC_WARN_UNINITIALIZED_AUTOS = YES_AGGRESSIVE;
				GCC_WARN_UNUSED_FUNCTION = YES;
				GCC_WARN_UNUSED_VARIABLE = YES;
				IPHONEOS_DEPLOYMENT_TARGET = 12.2;
				MTL_ENABLE_DEBUG_INFO = INCLUDE_SOURCE;
				MTL_FAST_MATH = YES;
				ONLY_ACTIVE_ARCH = YES;
				SDKROOT = iphoneos;
				SWIFT_ACTIVE_COMPILATION_CONDITIONS = DEBUG;
				SWIFT_OPTIMIZATION_LEVEL = "-Onone";
			};
			name = Debug;
		};
		184E995F228A204E006C8753 /* Release */ = {
			isa = XCBuildConfiguration;
			buildSettings = {
				ALWAYS_SEARCH_USER_PATHS = NO;
				CLANG_ANALYZER_NONNULL = YES;
				CLANG_ANALYZER_NUMBER_OBJECT_CONVERSION = YES_AGGRESSIVE;
				CLANG_CXX_LANGUAGE_STANDARD = "gnu++14";
				CLANG_CXX_LIBRARY = "libc++";
				CLANG_ENABLE_MODULES = YES;
				CLANG_ENABLE_OBJC_ARC = YES;
				CLANG_ENABLE_OBJC_WEAK = YES;
				CLANG_WARN_BLOCK_CAPTURE_AUTORELEASING = YES;
				CLANG_WARN_BOOL_CONVERSION = YES;
				CLANG_WARN_COMMA = YES;
				CLANG_WARN_CONSTANT_CONVERSION = YES;
				CLANG_WARN_DEPRECATED_OBJC_IMPLEMENTATIONS = YES;
				CLANG_WARN_DIRECT_OBJC_ISA_USAGE = YES_ERROR;
				CLANG_WARN_DOCUMENTATION_COMMENTS = YES;
				CLANG_WARN_EMPTY_BODY = YES;
				CLANG_WARN_ENUM_CONVERSION = YES;
				CLANG_WARN_INFINITE_RECURSION = YES;
				CLANG_WARN_INT_CONVERSION = YES;
				CLANG_WARN_NON_LITERAL_NULL_CONVERSION = YES;
				CLANG_WARN_OBJC_IMPLICIT_RETAIN_SELF = YES;
				CLANG_WARN_OBJC_LITERAL_CONVERSION = YES;
				CLANG_WARN_OBJC_ROOT_CLASS = YES_ERROR;
				CLANG_WARN_RANGE_LOOP_ANALYSIS = YES;
				CLANG_WARN_STRICT_PROTOTYPES = YES;
				CLANG_WARN_SUSPICIOUS_MOVE = YES;
				CLANG_WARN_UNGUARDED_AVAILABILITY = YES_AGGRESSIVE;
				CLANG_WARN_UNREACHABLE_CODE = YES;
				CLANG_WARN__DUPLICATE_METHOD_MATCH = YES;
				CODE_SIGN_IDENTITY = "iPhone Developer";
				COPY_PHASE_STRIP = NO;
				DEBUG_INFORMATION_FORMAT = "dwarf-with-dsym";
				ENABLE_NS_ASSERTIONS = NO;
				ENABLE_STRICT_OBJC_MSGSEND = YES;
				GCC_C_LANGUAGE_STANDARD = gnu11;
				GCC_NO_COMMON_BLOCKS = YES;
				GCC_WARN_64_TO_32_BIT_CONVERSION = YES;
				GCC_WARN_ABOUT_RETURN_TYPE = YES_ERROR;
				GCC_WARN_UNDECLARED_SELECTOR = YES;
				GCC_WARN_UNINITIALIZED_AUTOS = YES_AGGRESSIVE;
				GCC_WARN_UNUSED_FUNCTION = YES;
				GCC_WARN_UNUSED_VARIABLE = YES;
				IPHONEOS_DEPLOYMENT_TARGET = 12.2;
				MTL_ENABLE_DEBUG_INFO = NO;
				MTL_FAST_MATH = YES;
				SDKROOT = iphoneos;
				SWIFT_COMPILATION_MODE = wholemodule;
				SWIFT_OPTIMIZATION_LEVEL = "-O";
				VALIDATE_PRODUCT = YES;
			};
			name = Release;
		};
		184E9961228A204E006C8753 /* Debug */ = {
			isa = XCBuildConfiguration;
			baseConfigurationReference = 44D3202EB79516D7B5D3BBA9 /* Pods-FacebookAPI.debug.xcconfig */;
			buildSettings = {
				ASSETCATALOG_COMPILER_APPICON_NAME = AppIcon;
				CODE_SIGN_STYLE = Automatic;
				DEVELOPMENT_TEAM = SVEGGNXUQ4;
				INFOPLIST_FILE = FacebookAPI/Info.plist;
				LD_RUNPATH_SEARCH_PATHS = (
					"$(inherited)",
					"@executable_path/Frameworks",
				);
				PRODUCT_BUNDLE_IDENTIFIER = goktugokce.FacebookAPI;
				PRODUCT_NAME = "$(TARGET_NAME)";
				SWIFT_VERSION = 5.0;
				TARGETED_DEVICE_FAMILY = "1,2";
			};
			name = Debug;
		};
		184E9962228A204E006C8753 /* Release */ = {
			isa = XCBuildConfiguration;
			baseConfigurationReference = 40AFBE04612447E2E3DABEA9 /* Pods-FacebookAPI.release.xcconfig */;
			buildSettings = {
				ASSETCATALOG_COMPILER_APPICON_NAME = AppIcon;
				CODE_SIGN_STYLE = Automatic;
				DEVELOPMENT_TEAM = SVEGGNXUQ4;
				INFOPLIST_FILE = FacebookAPI/Info.plist;
				LD_RUNPATH_SEARCH_PATHS = (
					"$(inherited)",
					"@executable_path/Frameworks",
				);
				PRODUCT_BUNDLE_IDENTIFIER = goktugokce.FacebookAPI;
				PRODUCT_NAME = "$(TARGET_NAME)";
				SWIFT_VERSION = 5.0;
				TARGETED_DEVICE_FAMILY = "1,2";
			};
			name = Release;
		};
/* End XCBuildConfiguration section */

/* Begin XCConfigurationList section */
		184E9946228A204D006C8753 /* Build configuration list for PBXProject "FacebookAPI" */ = {
			isa = XCConfigurationList;
			buildConfigurations = (
				184E995E228A204E006C8753 /* Debug */,
				184E995F228A204E006C8753 /* Release */,
			);
			defaultConfigurationIsVisible = 0;
			defaultConfigurationName = Release;
		};
		184E9960228A204E006C8753 /* Build configuration list for PBXNativeTarget "FacebookAPI" */ = {
			isa = XCConfigurationList;
			buildConfigurations = (
				184E9961228A204E006C8753 /* Debug */,
				184E9962228A204E006C8753 /* Release */,
			);
			defaultConfigurationIsVisible = 0;
			defaultConfigurationName = Release;
		};
/* End XCConfigurationList section */

/* Begin XCVersionGroup section */
		184E9955228A204E006C8753 /* FacebookAPI.xcdatamodeld */ = {
			isa = XCVersionGroup;
			children = (
				184E9956228A204E006C8753 /* FacebookAPI.xcdatamodel */,
			);
			currentVersion = 184E9956228A204E006C8753 /* FacebookAPI.xcdatamodel */;
			path = FacebookAPI.xcdatamodeld;
			sourceTree = "<group>";
			versionGroupType = wrapper.xcdatamodel;
		};
/* End XCVersionGroup section */
	};
	rootObject = 184E9943228A204D006C8753 /* Project object */;
}
